// !$*UTF8*$!
{
	archiveVersion = 1;
	classes = {
	};
	objectVersion = 50;
	objects = {

/* Begin PBXBuildFile section */
		0016599023340FD000A83EF0 /* Main.storyboard in Resources */ = {isa = PBXBuildFile; fileRef = 0016592223340FCF00A83EF0 /* Main.storyboard */; };
		001659B123340FD000A83EF0 /* TOCropViewControllerLocalizable.strings in Resources */ = {isa = PBXBuildFile; fileRef = 0016594C23340FCF00A83EF0 /* TOCropViewControllerLocalizable.strings */; };
		001659B223340FD000A83EF0 /* Assets.xcassets in Resources */ = {isa = PBXBuildFile; fileRef = 0016595623340FCF00A83EF0 /* Assets.xcassets */; };
		001659B323340FD000A83EF0 /* drop-down-arrow.png in Resources */ = {isa = PBXBuildFile; fileRef = 0016595D23340FCF00A83EF0 /* drop-down-arrow.png */; };
		00B43C6F233B90C6004A1069 /* NeoniOSDemo.framework in Frameworks */ = {isa = PBXBuildFile; fileRef = 0016590923340F2D00A83EF0 /* NeoniOSDemo.framework */; };
		00CEEFE3233B23F0006EE8CD /* IParam.swift in Sources */ = {isa = PBXBuildFile; fileRef = 00CEEF9E233B23EB006EE8CD /* IParam.swift */; };
		00CEEFE4233B23F0006EE8CD /* UIView+Helper.swift in Sources */ = {isa = PBXBuildFile; fileRef = 00CEEF9F233B23EB006EE8CD /* UIView+Helper.swift */; };
		00CEEFE5233B23F0006EE8CD /* TimeInterval+String.swift in Sources */ = {isa = PBXBuildFile; fileRef = 00CEEFA0233B23EC006EE8CD /* TimeInterval+String.swift */; };
		00CEEFE6233B23F0006EE8CD /* TOCropViewController.m in Sources */ = {isa = PBXBuildFile; fileRef = 00CEEFA1233B23EC006EE8CD /* TOCropViewController.m */; };
		00CEEFE7233B23F0006EE8CD /* TOActivityCroppedImageProvider.m in Sources */ = {isa = PBXBuildFile; fileRef = 00CEEFA2233B23EC006EE8CD /* TOActivityCroppedImageProvider.m */; };
		00CEEFE8233B23F0006EE8CD /* CameraFacing.swift in Sources */ = {isa = PBXBuildFile; fileRef = 00CEEFA3233B23EC006EE8CD /* CameraFacing.swift */; };
		00CEEFE9233B23F0006EE8CD /* TOCropOverlayView.h in Headers */ = {isa = PBXBuildFile; fileRef = 00CEEFA4233B23EC006EE8CD /* TOCropOverlayView.h */; };
		00CEEFEA233B23F0006EE8CD /* Bundle+Helper.swift in Sources */ = {isa = PBXBuildFile; fileRef = 00CEEFA5233B23EC006EE8CD /* Bundle+Helper.swift */; };
		00CEEFEB233B23F0006EE8CD /* NeutralModel.swift in Sources */ = {isa = PBXBuildFile; fileRef = 00CEEFA6233B23EC006EE8CD /* NeutralModel.swift */; };
		00CEEFEC233B23F0006EE8CD /* LivePhotoNextTagListener.swift in Sources */ = {isa = PBXBuildFile; fileRef = 00CEEFA7233B23EC006EE8CD /* LivePhotoNextTagListener.swift */; };
		00CEEFED233B23F0006EE8CD /* CameraModel.swift in Sources */ = {isa = PBXBuildFile; fileRef = 00CEEFA8233B23EC006EE8CD /* CameraModel.swift */; };
		00CEEFEE233B23F0006EE8CD /* ImagePickerCollectionViewCell.swift in Sources */ = {isa = PBXBuildFile; fileRef = 00CEEFA9233B23EC006EE8CD /* ImagePickerCollectionViewCell.swift */; };
		00CEEFEF233B23F0006EE8CD /* ICameraParam.swift in Sources */ = {isa = PBXBuildFile; fileRef = 00CEEFAA233B23EC006EE8CD /* ICameraParam.swift */; };
		00CEEFF0233B23F0006EE8CD /* imgCollectionViewCell.swift in Sources */ = {isa = PBXBuildFile; fileRef = 00CEEFAB233B23EC006EE8CD /* imgCollectionViewCell.swift */; };
		00CEEFF1233B23F0006EE8CD /* OpalImagePickerConfiguration.swift in Sources */ = {isa = PBXBuildFile; fileRef = 00CEEFAC233B23EC006EE8CD /* OpalImagePickerConfiguration.swift */; };
		00CEEFF2233B23F0006EE8CD /* OpalImagePickerRootViewController.swift in Sources */ = {isa = PBXBuildFile; fileRef = 00CEEFAD233B23EC006EE8CD /* OpalImagePickerRootViewController.swift */; };
		00CEEFF3233B23F0006EE8CD /* CustomParameters.swift in Sources */ = {isa = PBXBuildFile; fileRef = 00CEEFAE233B23EC006EE8CD /* CustomParameters.swift */; };
		00CEEFF4233B23F0006EE8CD /* TOCropScrollView.m in Sources */ = {isa = PBXBuildFile; fileRef = 00CEEFAF233B23EC006EE8CD /* TOCropScrollView.m */; };
		00CEEFF5233B23F0006EE8CD /* TOCropToolbar.m in Sources */ = {isa = PBXBuildFile; fileRef = 00CEEFB0233B23EC006EE8CD /* TOCropToolbar.m */; };
		00CEEFF6233B23F0006EE8CD /* TOCropView.h in Headers */ = {isa = PBXBuildFile; fileRef = 00CEEFB1233B23EC006EE8CD /* TOCropView.h */; };
		00CEEFF7233B23F0006EE8CD /* NeoniOS.h in Headers */ = {isa = PBXBuildFile; fileRef = 00CEEFB2233B23EC006EE8CD /* NeoniOS.h */; };
		00CEEFF8233B23F0006EE8CD /* TOCroppedImageAttributes.h in Headers */ = {isa = PBXBuildFile; fileRef = 00CEEFB3233B23ED006EE8CD /* TOCroppedImageAttributes.h */; };
		00CEEFF9233B23F0006EE8CD /* TOCropToolbar.h in Headers */ = {isa = PBXBuildFile; fileRef = 00CEEFB4233B23ED006EE8CD /* TOCropToolbar.h */; };
		00CEEFFA233B23F0006EE8CD /* Neon-Ios-Bridging-Header.h in Headers */ = {isa = PBXBuildFile; fileRef = 00CEEFB5233B23ED006EE8CD /* Neon-Ios-Bridging-Header.h */; };
		00CEEFFB233B23F0006EE8CD /* NeonImagesHandler.swift in Sources */ = {isa = PBXBuildFile; fileRef = 00CEEFB6233B23ED006EE8CD /* NeonImagesHandler.swift */; };
		00CEEFFC233B23F0006EE8CD /* TOCropViewControllerTransitioning.m in Sources */ = {isa = PBXBuildFile; fileRef = 00CEEFB7233B23ED006EE8CD /* TOCropViewControllerTransitioning.m */; };
		00CEEFFD233B23F0006EE8CD /* TOActivityCroppedImageProvider.h in Headers */ = {isa = PBXBuildFile; fileRef = 00CEEFB8233B23ED006EE8CD /* TOActivityCroppedImageProvider.h */; };
		00CEEFFE233B23F0006EE8CD /* Serializable.swift in Sources */ = {isa = PBXBuildFile; fileRef = 00CEEFB9233B23ED006EE8CD /* Serializable.swift */; };
		00CEEFFF233B23F0006EE8CD /* TOCropViewControllerTransitioning.h in Headers */ = {isa = PBXBuildFile; fileRef = 00CEEFBA233B23ED006EE8CD /* TOCropViewControllerTransitioning.h */; };
		00CEF000233B23F0006EE8CD /* CameraType.swift in Sources */ = {isa = PBXBuildFile; fileRef = 00CEEFBB233B23ED006EE8CD /* CameraType.swift */; };
		00CEF001233B23F0006EE8CD /* GetLocation.swift in Sources */ = {isa = PBXBuildFile; fileRef = 00CEEFBC233B23ED006EE8CD /* GetLocation.swift */; };
		00CEF002233B23F0006EE8CD /* UIViewController+OpalImagePicker.swift in Sources */ = {isa = PBXBuildFile; fileRef = 00CEEFBD233B23ED006EE8CD /* UIViewController+OpalImagePicker.swift */; };
		00CEF003233B23F0006EE8CD /* FlashMode.swift in Sources */ = {isa = PBXBuildFile; fileRef = 00CEEFBE233B23ED006EE8CD /* FlashMode.swift */; };
		00CEF004233B23F0006EE8CD /* PhotosModel.swift in Sources */ = {isa = PBXBuildFile; fileRef = 00CEEFBF233B23ED006EE8CD /* PhotosModel.swift */; };
		00CEF005233B23F0006EE8CD /* SelectImageTagController.swift in Sources */ = {isa = PBXBuildFile; fileRef = 00CEEFC0233B23ED006EE8CD /* SelectImageTagController.swift */; };
		00CEF006233B23F0006EE8CD /* NeonResponse.swift in Sources */ = {isa = PBXBuildFile; fileRef = 00CEEFC1233B23EE006EE8CD /* NeonResponse.swift */; };
		00CEF007233B23F0006EE8CD /* TOCropView.m in Sources */ = {isa = PBXBuildFile; fileRef = 00CEEFC2233B23EE006EE8CD /* TOCropView.m */; };
		00CEF008233B23F0006EE8CD /* OnImageCollectionListener.swift in Sources */ = {isa = PBXBuildFile; fileRef = 00CEEFC3233B23EE006EE8CD /* OnImageCollectionListener.swift */; };
		00CEF009233B23F0006EE8CD /* TOCroppedImageAttributes.m in Sources */ = {isa = PBXBuildFile; fileRef = 00CEEFC4233B23EE006EE8CD /* TOCroppedImageAttributes.m */; };
		00CEF00A233B23F0006EE8CD /* ViewController.swift in Sources */ = {isa = PBXBuildFile; fileRef = 00CEEFC5233B23EE006EE8CD /* ViewController.swift */; };
		00CEF00B233B23F0006EE8CD /* LibraryMode.swift in Sources */ = {isa = PBXBuildFile; fileRef = 00CEEFC6233B23EE006EE8CD /* LibraryMode.swift */; };
		00CEF00C233B23F0006EE8CD /* UIImage+CropRotate.m in Sources */ = {isa = PBXBuildFile; fileRef = 00CEEFC7233B23EE006EE8CD /* UIImage+CropRotate.m */; };
		00CEF00D233B23F0006EE8CD /* Configure.swift in Sources */ = {isa = PBXBuildFile; fileRef = 00CEEFC8233B23EE006EE8CD /* Configure.swift */; };
		00CEF00E233B23F0006EE8CD /* TOCropViewController.h in Headers */ = {isa = PBXBuildFile; fileRef = 00CEEFC9233B23EE006EE8CD /* TOCropViewController.h */; };
		00CEF00F233B23F0006EE8CD /* ShowImageViewController.swift in Sources */ = {isa = PBXBuildFile; fileRef = 00CEEFCA233B23EE006EE8CD /* ShowImageViewController.swift */; };
		00CEF010233B23F0006EE8CD /* IGalleryParam.swift in Sources */ = {isa = PBXBuildFile; fileRef = 00CEEFCB233B23EE006EE8CD /* IGalleryParam.swift */; };
		00CEF011233B23F0006EE8CD /* FileInfoCollection.swift in Sources */ = {isa = PBXBuildFile; fileRef = 00CEEFCC233B23EE006EE8CD /* FileInfoCollection.swift */; };
		00CEF012233B23F0006EE8CD /* CameraViewController.swift in Sources */ = {isa = PBXBuildFile; fileRef = 00CEEFCD233B23EE006EE8CD /* CameraViewController.swift */; };
		00CEF013233B23F0006EE8CD /* TOCropOverlayView.m in Sources */ = {isa = PBXBuildFile; fileRef = 00CEEFCE233B23EE006EE8CD /* TOCropOverlayView.m */; };
		00CEF014233B23F0006EE8CD /* MyImageCell.swift in Sources */ = {isa = PBXBuildFile; fileRef = 00CEEFCF233B23EF006EE8CD /* MyImageCell.swift */; };
		00CEF015233B23F0006EE8CD /* GalleryModel.swift in Sources */ = {isa = PBXBuildFile; fileRef = 00CEEFD0233B23EF006EE8CD /* GalleryModel.swift */; };
		00CEF016233B23F0006EE8CD /* CropViewController.swift in Sources */ = {isa = PBXBuildFile; fileRef = 00CEEFD1233B23EF006EE8CD /* CropViewController.swift */; };
		00CEF017233B23F0006EE8CD /* SaveImageInGallery.swift in Sources */ = {isa = PBXBuildFile; fileRef = 00CEEFD2233B23EF006EE8CD /* SaveImageInGallery.swift */; };
		00CEF018233B23F0006EE8CD /* CameraOrientation.swift in Sources */ = {isa = PBXBuildFile; fileRef = 00CEEFD3233B23EF006EE8CD /* CameraOrientation.swift */; };
		00CEF019233B23F0006EE8CD /* TOCropViewConstants.h in Headers */ = {isa = PBXBuildFile; fileRef = 00CEEFD4233B23EF006EE8CD /* TOCropViewConstants.h */; };
		00CEF01A233B23F0006EE8CD /* OpalImagePickerCollectionViewLayout.swift in Sources */ = {isa = PBXBuildFile; fileRef = 00CEEFD5233B23EF006EE8CD /* OpalImagePickerCollectionViewLayout.swift */; };
		00CEF01B233B23F0006EE8CD /* CameraOnlyViewController.swift in Sources */ = {isa = PBXBuildFile; fileRef = 00CEEFD6233B23EF006EE8CD /* CameraOnlyViewController.swift */; };
		00CEF01C233B23F0006EE8CD /* GalleryType.swift in Sources */ = {isa = PBXBuildFile; fileRef = 00CEEFD7233B23EF006EE8CD /* GalleryType.swift */; };
		00CEF01D233B23F0006EE8CD /* ImageTagModel.swift in Sources */ = {isa = PBXBuildFile; fileRef = 00CEEFD8233B23EF006EE8CD /* ImageTagModel.swift */; };
		00CEF01E233B23F0006EE8CD /* TOCropScrollView.h in Headers */ = {isa = PBXBuildFile; fileRef = 00CEEFD9233B23EF006EE8CD /* TOCropScrollView.h */; };
		00CEF01F233B23F0006EE8CD /* UIImage+CropRotate.h in Headers */ = {isa = PBXBuildFile; fileRef = 00CEEFDA233B23EF006EE8CD /* UIImage+CropRotate.h */; };
		00CEF020233B23F0006EE8CD /* OpalImagePickerController.swift in Sources */ = {isa = PBXBuildFile; fileRef = 00CEEFDB233B23EF006EE8CD /* OpalImagePickerController.swift */; };
		00CEF021233B23F0006EE8CD /* ResponseCode.swift in Sources */ = {isa = PBXBuildFile; fileRef = 00CEEFDC233B23EF006EE8CD /* ResponseCode.swift */; };
		00CEF022233B23F0006EE8CD /* OpenNeutralViewController.swift in Sources */ = {isa = PBXBuildFile; fileRef = 00CEEFDD233B23F0006EE8CD /* OpenNeutralViewController.swift */; };
		00CEF023233B23F0006EE8CD /* LivePhotosListener.swift in Sources */ = {isa = PBXBuildFile; fileRef = 00CEEFDE233B23F0006EE8CD /* LivePhotosListener.swift */; };
		00CEF024233B23F0006EE8CD /* CropViewController.h in Headers */ = {isa = PBXBuildFile; fileRef = 00CEEFDF233B23F0006EE8CD /* CropViewController.h */; };
		00CEF025233B23F0006EE8CD /* INeutralParam.swift in Sources */ = {isa = PBXBuildFile; fileRef = 00CEEFE0233B23F0006EE8CD /* INeutralParam.swift */; };
		00CEF026233B23F0006EE8CD /* FileInfo.swift in Sources */ = {isa = PBXBuildFile; fileRef = 00CEEFE1233B23F0006EE8CD /* FileInfo.swift */; };
		00CEF027233B23F0006EE8CD /* SelectImgCameraCollectionViewCell.swift in Sources */ = {isa = PBXBuildFile; fileRef = 00CEEFE2233B23F0006EE8CD /* SelectImgCameraCollectionViewCell.swift */; };
/* End PBXBuildFile section */

/* Begin PBXFileReference section */
		0016590923340F2D00A83EF0 /* NeoniOSDemo.framework */ = {isa = PBXFileReference; explicitFileType = wrapper.framework; includeInIndex = 0; path = NeoniOSDemo.framework; sourceTree = BUILT_PRODUCTS_DIR; };
		0016590D23340F2D00A83EF0 /* Info.plist */ = {isa = PBXFileReference; lastKnownFileType = text.plist.xml; path = Info.plist; sourceTree = "<group>"; };
		0016592323340FCF00A83EF0 /* Base */ = {isa = PBXFileReference; lastKnownFileType = file.storyboard; name = Base; path = Base.lproj/Main.storyboard; sourceTree = "<group>"; };
		0016594D23340FCF00A83EF0 /* de */ = {isa = PBXFileReference; lastKnownFileType = text.plist.strings; name = de; path = de.lproj/TOCropViewControllerLocalizable.strings; sourceTree = "<group>"; };
		0016594E23340FCF00A83EF0 /* ar */ = {isa = PBXFileReference; lastKnownFileType = text.plist.strings; name = ar; path = ar.lproj/TOCropViewControllerLocalizable.strings; sourceTree = "<group>"; };
		0016594F23340FCF00A83EF0 /* zh-Hans */ = {isa = PBXFileReference; lastKnownFileType = text.plist.strings; name = "zh-Hans"; path = "zh-Hans.lproj/TOCropViewControllerLocalizable.strings"; sourceTree = "<group>"; };
		0016595023340FCF00A83EF0 /* ja */ = {isa = PBXFileReference; lastKnownFileType = text.plist.strings; name = ja; path = ja.lproj/TOCropViewControllerLocalizable.strings; sourceTree = "<group>"; };
		0016595123340FCF00A83EF0 /* fa */ = {isa = PBXFileReference; lastKnownFileType = text.plist.strings; name = fa; path = fa.lproj/TOCropViewControllerLocalizable.strings; sourceTree = "<group>"; };
		0016595223340FCF00A83EF0 /* en */ = {isa = PBXFileReference; lastKnownFileType = text.plist.strings; name = en; path = en.lproj/TOCropViewControllerLocalizable.strings; sourceTree = "<group>"; };
		0016595323340FCF00A83EF0 /* es */ = {isa = PBXFileReference; lastKnownFileType = text.plist.strings; name = es; path = es.lproj/TOCropViewControllerLocalizable.strings; sourceTree = "<group>"; };
		0016595423340FCF00A83EF0 /* it */ = {isa = PBXFileReference; lastKnownFileType = text.plist.strings; name = it; path = it.lproj/TOCropViewControllerLocalizable.strings; sourceTree = "<group>"; };
		0016595523340FCF00A83EF0 /* ms */ = {isa = PBXFileReference; lastKnownFileType = text.plist.strings; name = ms; path = ms.lproj/TOCropViewControllerLocalizable.strings; sourceTree = "<group>"; };
		0016595623340FCF00A83EF0 /* Assets.xcassets */ = {isa = PBXFileReference; lastKnownFileType = folder.assetcatalog; path = Assets.xcassets; sourceTree = "<group>"; };
		0016595723340FCF00A83EF0 /* ko */ = {isa = PBXFileReference; lastKnownFileType = text.plist.strings; name = ko; path = ko.lproj/TOCropViewControllerLocalizable.strings; sourceTree = "<group>"; };
		0016595823340FCF00A83EF0 /* Base */ = {isa = PBXFileReference; lastKnownFileType = text.plist.strings; name = Base; path = Base.lproj/TOCropViewControllerLocalizable.strings; sourceTree = "<group>"; };
		0016595923340FCF00A83EF0 /* zh-Hant */ = {isa = PBXFileReference; lastKnownFileType = text.plist.strings; name = "zh-Hant"; path = "zh-Hant.lproj/TOCropViewControllerLocalizable.strings"; sourceTree = "<group>"; };
		0016595A23340FCF00A83EF0 /* fa-IR */ = {isa = PBXFileReference; lastKnownFileType = text.plist.strings; name = "fa-IR"; path = "fa-IR.lproj/TOCropViewControllerLocalizable.strings"; sourceTree = "<group>"; };
		0016595B23340FCF00A83EF0 /* hu */ = {isa = PBXFileReference; lastKnownFileType = text.plist.strings; name = hu; path = hu.lproj/TOCropViewControllerLocalizable.strings; sourceTree = "<group>"; };
		0016595C23340FCF00A83EF0 /* da-DK */ = {isa = PBXFileReference; lastKnownFileType = text.plist.strings; name = "da-DK"; path = "da-DK.lproj/TOCropViewControllerLocalizable.strings"; sourceTree = "<group>"; };
		0016595D23340FCF00A83EF0 /* drop-down-arrow.png */ = {isa = PBXFileReference; lastKnownFileType = image.png; path = "drop-down-arrow.png"; sourceTree = "<group>"; };
		0016595E23340FCF00A83EF0 /* tr */ = {isa = PBXFileReference; lastKnownFileType = text.plist.strings; name = tr; path = tr.lproj/TOCropViewControllerLocalizable.strings; sourceTree = "<group>"; };
		0016595F23340FCF00A83EF0 /* pl */ = {isa = PBXFileReference; lastKnownFileType = text.plist.strings; name = pl; path = pl.lproj/TOCropViewControllerLocalizable.strings; sourceTree = "<group>"; };
		0016596023340FCF00A83EF0 /* vi */ = {isa = PBXFileReference; lastKnownFileType = text.plist.strings; name = vi; path = vi.lproj/TOCropViewControllerLocalizable.strings; sourceTree = "<group>"; };
		0016596123340FCF00A83EF0 /* ru */ = {isa = PBXFileReference; lastKnownFileType = text.plist.strings; name = ru; path = ru.lproj/TOCropViewControllerLocalizable.strings; sourceTree = "<group>"; };
		0016596223340FCF00A83EF0 /* fr */ = {isa = PBXFileReference; lastKnownFileType = text.plist.strings; name = fr; path = fr.lproj/TOCropViewControllerLocalizable.strings; sourceTree = "<group>"; };
		0016596323340FCF00A83EF0 /* fi */ = {isa = PBXFileReference; lastKnownFileType = text.plist.strings; name = fi; path = fi.lproj/TOCropViewControllerLocalizable.strings; sourceTree = "<group>"; };
		0016596423340FCF00A83EF0 /* id */ = {isa = PBXFileReference; lastKnownFileType = text.plist.strings; name = id; path = id.lproj/TOCropViewControllerLocalizable.strings; sourceTree = "<group>"; };
		0016596523340FCF00A83EF0 /* nl */ = {isa = PBXFileReference; lastKnownFileType = text.plist.strings; name = nl; path = nl.lproj/TOCropViewControllerLocalizable.strings; sourceTree = "<group>"; };
		0016596623340FCF00A83EF0 /* pt */ = {isa = PBXFileReference; lastKnownFileType = text.plist.strings; name = pt; path = pt.lproj/TOCropViewControllerLocalizable.strings; sourceTree = "<group>"; };
		0016596723340FCF00A83EF0 /* ro */ = {isa = PBXFileReference; lastKnownFileType = text.plist.strings; name = ro; path = ro.lproj/TOCropViewControllerLocalizable.strings; sourceTree = "<group>"; };
		00CEEF9E233B23EB006EE8CD /* IParam.swift */ = {isa = PBXFileReference; fileEncoding = 4; lastKnownFileType = sourcecode.swift; path = IParam.swift; sourceTree = "<group>"; };
		00CEEF9F233B23EB006EE8CD /* UIView+Helper.swift */ = {isa = PBXFileReference; fileEncoding = 4; lastKnownFileType = sourcecode.swift; path = "UIView+Helper.swift"; sourceTree = "<group>"; };
		00CEEFA0233B23EC006EE8CD /* TimeInterval+String.swift */ = {isa = PBXFileReference; fileEncoding = 4; lastKnownFileType = sourcecode.swift; path = "TimeInterval+String.swift"; sourceTree = "<group>"; };
		00CEEFA1233B23EC006EE8CD /* TOCropViewController.m */ = {isa = PBXFileReference; fileEncoding = 4; lastKnownFileType = sourcecode.c.objc; path = TOCropViewController.m; sourceTree = "<group>"; };
		00CEEFA2233B23EC006EE8CD /* TOActivityCroppedImageProvider.m */ = {isa = PBXFileReference; fileEncoding = 4; lastKnownFileType = sourcecode.c.objc; path = TOActivityCroppedImageProvider.m; sourceTree = "<group>"; };
		00CEEFA3233B23EC006EE8CD /* CameraFacing.swift */ = {isa = PBXFileReference; fileEncoding = 4; lastKnownFileType = sourcecode.swift; path = CameraFacing.swift; sourceTree = "<group>"; };
		00CEEFA4233B23EC006EE8CD /* TOCropOverlayView.h */ = {isa = PBXFileReference; fileEncoding = 4; lastKnownFileType = sourcecode.c.h; path = TOCropOverlayView.h; sourceTree = "<group>"; };
		00CEEFA5233B23EC006EE8CD /* Bundle+Helper.swift */ = {isa = PBXFileReference; fileEncoding = 4; lastKnownFileType = sourcecode.swift; path = "Bundle+Helper.swift"; sourceTree = "<group>"; };
		00CEEFA6233B23EC006EE8CD /* NeutralModel.swift */ = {isa = PBXFileReference; fileEncoding = 4; lastKnownFileType = sourcecode.swift; path = NeutralModel.swift; sourceTree = "<group>"; };
		00CEEFA7233B23EC006EE8CD /* LivePhotoNextTagListener.swift */ = {isa = PBXFileReference; fileEncoding = 4; lastKnownFileType = sourcecode.swift; path = LivePhotoNextTagListener.swift; sourceTree = "<group>"; };
		00CEEFA8233B23EC006EE8CD /* CameraModel.swift */ = {isa = PBXFileReference; fileEncoding = 4; lastKnownFileType = sourcecode.swift; path = CameraModel.swift; sourceTree = "<group>"; };
		00CEEFA9233B23EC006EE8CD /* ImagePickerCollectionViewCell.swift */ = {isa = PBXFileReference; fileEncoding = 4; lastKnownFileType = sourcecode.swift; path = ImagePickerCollectionViewCell.swift; sourceTree = "<group>"; };
		00CEEFAA233B23EC006EE8CD /* ICameraParam.swift */ = {isa = PBXFileReference; fileEncoding = 4; lastKnownFileType = sourcecode.swift; path = ICameraParam.swift; sourceTree = "<group>"; };
		00CEEFAB233B23EC006EE8CD /* imgCollectionViewCell.swift */ = {isa = PBXFileReference; fileEncoding = 4; lastKnownFileType = sourcecode.swift; path = imgCollectionViewCell.swift; sourceTree = "<group>"; };
		00CEEFAC233B23EC006EE8CD /* OpalImagePickerConfiguration.swift */ = {isa = PBXFileReference; fileEncoding = 4; lastKnownFileType = sourcecode.swift; path = OpalImagePickerConfiguration.swift; sourceTree = "<group>"; };
		00CEEFAD233B23EC006EE8CD /* OpalImagePickerRootViewController.swift */ = {isa = PBXFileReference; fileEncoding = 4; lastKnownFileType = sourcecode.swift; path = OpalImagePickerRootViewController.swift; sourceTree = "<group>"; };
		00CEEFAE233B23EC006EE8CD /* CustomParameters.swift */ = {isa = PBXFileReference; fileEncoding = 4; lastKnownFileType = sourcecode.swift; path = CustomParameters.swift; sourceTree = "<group>"; };
		00CEEFAF233B23EC006EE8CD /* TOCropScrollView.m */ = {isa = PBXFileReference; fileEncoding = 4; lastKnownFileType = sourcecode.c.objc; path = TOCropScrollView.m; sourceTree = "<group>"; };
		00CEEFB0233B23EC006EE8CD /* TOCropToolbar.m */ = {isa = PBXFileReference; fileEncoding = 4; lastKnownFileType = sourcecode.c.objc; path = TOCropToolbar.m; sourceTree = "<group>"; };
		00CEEFB1233B23EC006EE8CD /* TOCropView.h */ = {isa = PBXFileReference; fileEncoding = 4; lastKnownFileType = sourcecode.c.h; path = TOCropView.h; sourceTree = "<group>"; };
		00CEEFB2233B23EC006EE8CD /* NeoniOS.h */ = {isa = PBXFileReference; fileEncoding = 4; lastKnownFileType = sourcecode.c.h; path = NeoniOS.h; sourceTree = "<group>"; };
		00CEEFB3233B23ED006EE8CD /* TOCroppedImageAttributes.h */ = {isa = PBXFileReference; fileEncoding = 4; lastKnownFileType = sourcecode.c.h; path = TOCroppedImageAttributes.h; sourceTree = "<group>"; };
		00CEEFB4233B23ED006EE8CD /* TOCropToolbar.h */ = {isa = PBXFileReference; fileEncoding = 4; lastKnownFileType = sourcecode.c.h; path = TOCropToolbar.h; sourceTree = "<group>"; };
		00CEEFB5233B23ED006EE8CD /* Neon-Ios-Bridging-Header.h */ = {isa = PBXFileReference; fileEncoding = 4; lastKnownFileType = sourcecode.c.h; path = "Neon-Ios-Bridging-Header.h"; sourceTree = "<group>"; };
		00CEEFB6233B23ED006EE8CD /* NeonImagesHandler.swift */ = {isa = PBXFileReference; fileEncoding = 4; lastKnownFileType = sourcecode.swift; path = NeonImagesHandler.swift; sourceTree = "<group>"; };
		00CEEFB7233B23ED006EE8CD /* TOCropViewControllerTransitioning.m */ = {isa = PBXFileReference; fileEncoding = 4; lastKnownFileType = sourcecode.c.objc; path = TOCropViewControllerTransitioning.m; sourceTree = "<group>"; };
		00CEEFB8233B23ED006EE8CD /* TOActivityCroppedImageProvider.h */ = {isa = PBXFileReference; fileEncoding = 4; lastKnownFileType = sourcecode.c.h; path = TOActivityCroppedImageProvider.h; sourceTree = "<group>"; };
		00CEEFB9233B23ED006EE8CD /* Serializable.swift */ = {isa = PBXFileReference; fileEncoding = 4; lastKnownFileType = sourcecode.swift; path = Serializable.swift; sourceTree = "<group>"; };
		00CEEFBA233B23ED006EE8CD /* TOCropViewControllerTransitioning.h */ = {isa = PBXFileReference; fileEncoding = 4; lastKnownFileType = sourcecode.c.h; path = TOCropViewControllerTransitioning.h; sourceTree = "<group>"; };
		00CEEFBB233B23ED006EE8CD /* CameraType.swift */ = {isa = PBXFileReference; fileEncoding = 4; lastKnownFileType = sourcecode.swift; path = CameraType.swift; sourceTree = "<group>"; };
		00CEEFBC233B23ED006EE8CD /* GetLocation.swift */ = {isa = PBXFileReference; fileEncoding = 4; lastKnownFileType = sourcecode.swift; path = GetLocation.swift; sourceTree = "<group>"; };
		00CEEFBD233B23ED006EE8CD /* UIViewController+OpalImagePicker.swift */ = {isa = PBXFileReference; fileEncoding = 4; lastKnownFileType = sourcecode.swift; path = "UIViewController+OpalImagePicker.swift"; sourceTree = "<group>"; };
		00CEEFBE233B23ED006EE8CD /* FlashMode.swift */ = {isa = PBXFileReference; fileEncoding = 4; lastKnownFileType = sourcecode.swift; path = FlashMode.swift; sourceTree = "<group>"; };
		00CEEFBF233B23ED006EE8CD /* PhotosModel.swift */ = {isa = PBXFileReference; fileEncoding = 4; lastKnownFileType = sourcecode.swift; path = PhotosModel.swift; sourceTree = "<group>"; };
		00CEEFC0233B23ED006EE8CD /* SelectImageTagController.swift */ = {isa = PBXFileReference; fileEncoding = 4; lastKnownFileType = sourcecode.swift; path = SelectImageTagController.swift; sourceTree = "<group>"; };
		00CEEFC1233B23EE006EE8CD /* NeonResponse.swift */ = {isa = PBXFileReference; fileEncoding = 4; lastKnownFileType = sourcecode.swift; path = NeonResponse.swift; sourceTree = "<group>"; };
		00CEEFC2233B23EE006EE8CD /* TOCropView.m */ = {isa = PBXFileReference; fileEncoding = 4; lastKnownFileType = sourcecode.c.objc; path = TOCropView.m; sourceTree = "<group>"; };
		00CEEFC3233B23EE006EE8CD /* OnImageCollectionListener.swift */ = {isa = PBXFileReference; fileEncoding = 4; lastKnownFileType = sourcecode.swift; path = OnImageCollectionListener.swift; sourceTree = "<group>"; };
		00CEEFC4233B23EE006EE8CD /* TOCroppedImageAttributes.m */ = {isa = PBXFileReference; fileEncoding = 4; lastKnownFileType = sourcecode.c.objc; path = TOCroppedImageAttributes.m; sourceTree = "<group>"; };
		00CEEFC5233B23EE006EE8CD /* ViewController.swift */ = {isa = PBXFileReference; fileEncoding = 4; lastKnownFileType = sourcecode.swift; path = ViewController.swift; sourceTree = "<group>"; };
		00CEEFC6233B23EE006EE8CD /* LibraryMode.swift */ = {isa = PBXFileReference; fileEncoding = 4; lastKnownFileType = sourcecode.swift; path = LibraryMode.swift; sourceTree = "<group>"; };
		00CEEFC7233B23EE006EE8CD /* UIImage+CropRotate.m */ = {isa = PBXFileReference; fileEncoding = 4; lastKnownFileType = sourcecode.c.objc; path = "UIImage+CropRotate.m"; sourceTree = "<group>"; };
		00CEEFC8233B23EE006EE8CD /* Configure.swift */ = {isa = PBXFileReference; fileEncoding = 4; lastKnownFileType = sourcecode.swift; path = Configure.swift; sourceTree = "<group>"; };
		00CEEFC9233B23EE006EE8CD /* TOCropViewController.h */ = {isa = PBXFileReference; fileEncoding = 4; lastKnownFileType = sourcecode.c.h; path = TOCropViewController.h; sourceTree = "<group>"; };
		00CEEFCA233B23EE006EE8CD /* ShowImageViewController.swift */ = {isa = PBXFileReference; fileEncoding = 4; lastKnownFileType = sourcecode.swift; path = ShowImageViewController.swift; sourceTree = "<group>"; };
		00CEEFCB233B23EE006EE8CD /* IGalleryParam.swift */ = {isa = PBXFileReference; fileEncoding = 4; lastKnownFileType = sourcecode.swift; path = IGalleryParam.swift; sourceTree = "<group>"; };
		00CEEFCC233B23EE006EE8CD /* FileInfoCollection.swift */ = {isa = PBXFileReference; fileEncoding = 4; lastKnownFileType = sourcecode.swift; path = FileInfoCollection.swift; sourceTree = "<group>"; };
		00CEEFCD233B23EE006EE8CD /* CameraViewController.swift */ = {isa = PBXFileReference; fileEncoding = 4; lastKnownFileType = sourcecode.swift; path = CameraViewController.swift; sourceTree = "<group>"; };
		00CEEFCE233B23EE006EE8CD /* TOCropOverlayView.m */ = {isa = PBXFileReference; fileEncoding = 4; lastKnownFileType = sourcecode.c.objc; path = TOCropOverlayView.m; sourceTree = "<group>"; };
		00CEEFCF233B23EF006EE8CD /* MyImageCell.swift */ = {isa = PBXFileReference; fileEncoding = 4; lastKnownFileType = sourcecode.swift; path = MyImageCell.swift; sourceTree = "<group>"; };
		00CEEFD0233B23EF006EE8CD /* GalleryModel.swift */ = {isa = PBXFileReference; fileEncoding = 4; lastKnownFileType = sourcecode.swift; path = GalleryModel.swift; sourceTree = "<group>"; };
		00CEEFD1233B23EF006EE8CD /* CropViewController.swift */ = {isa = PBXFileReference; fileEncoding = 4; lastKnownFileType = sourcecode.swift; path = CropViewController.swift; sourceTree = "<group>"; };
		00CEEFD2233B23EF006EE8CD /* SaveImageInGallery.swift */ = {isa = PBXFileReference; fileEncoding = 4; lastKnownFileType = sourcecode.swift; path = SaveImageInGallery.swift; sourceTree = "<group>"; };
		00CEEFD3233B23EF006EE8CD /* CameraOrientation.swift */ = {isa = PBXFileReference; fileEncoding = 4; lastKnownFileType = sourcecode.swift; path = CameraOrientation.swift; sourceTree = "<group>"; };
		00CEEFD4233B23EF006EE8CD /* TOCropViewConstants.h */ = {isa = PBXFileReference; fileEncoding = 4; lastKnownFileType = sourcecode.c.h; path = TOCropViewConstants.h; sourceTree = "<group>"; };
		00CEEFD5233B23EF006EE8CD /* OpalImagePickerCollectionViewLayout.swift */ = {isa = PBXFileReference; fileEncoding = 4; lastKnownFileType = sourcecode.swift; path = OpalImagePickerCollectionViewLayout.swift; sourceTree = "<group>"; };
		00CEEFD6233B23EF006EE8CD /* CameraOnlyViewController.swift */ = {isa = PBXFileReference; fileEncoding = 4; lastKnownFileType = sourcecode.swift; path = CameraOnlyViewController.swift; sourceTree = "<group>"; };
		00CEEFD7233B23EF006EE8CD /* GalleryType.swift */ = {isa = PBXFileReference; fileEncoding = 4; lastKnownFileType = sourcecode.swift; path = GalleryType.swift; sourceTree = "<group>"; };
		00CEEFD8233B23EF006EE8CD /* ImageTagModel.swift */ = {isa = PBXFileReference; fileEncoding = 4; lastKnownFileType = sourcecode.swift; path = ImageTagModel.swift; sourceTree = "<group>"; };
		00CEEFD9233B23EF006EE8CD /* TOCropScrollView.h */ = {isa = PBXFileReference; fileEncoding = 4; lastKnownFileType = sourcecode.c.h; path = TOCropScrollView.h; sourceTree = "<group>"; };
		00CEEFDA233B23EF006EE8CD /* UIImage+CropRotate.h */ = {isa = PBXFileReference; fileEncoding = 4; lastKnownFileType = sourcecode.c.h; path = "UIImage+CropRotate.h"; sourceTree = "<group>"; };
		00CEEFDB233B23EF006EE8CD /* OpalImagePickerController.swift */ = {isa = PBXFileReference; fileEncoding = 4; lastKnownFileType = sourcecode.swift; path = OpalImagePickerController.swift; sourceTree = "<group>"; };
		00CEEFDC233B23EF006EE8CD /* ResponseCode.swift */ = {isa = PBXFileReference; fileEncoding = 4; lastKnownFileType = sourcecode.swift; path = ResponseCode.swift; sourceTree = "<group>"; };
		00CEEFDD233B23F0006EE8CD /* OpenNeutralViewController.swift */ = {isa = PBXFileReference; fileEncoding = 4; lastKnownFileType = sourcecode.swift; path = OpenNeutralViewController.swift; sourceTree = "<group>"; };
		00CEEFDE233B23F0006EE8CD /* LivePhotosListener.swift */ = {isa = PBXFileReference; fileEncoding = 4; lastKnownFileType = sourcecode.swift; path = LivePhotosListener.swift; sourceTree = "<group>"; };
		00CEEFDF233B23F0006EE8CD /* CropViewController.h */ = {isa = PBXFileReference; fileEncoding = 4; lastKnownFileType = sourcecode.c.h; path = CropViewController.h; sourceTree = "<group>"; };
		00CEEFE0233B23F0006EE8CD /* INeutralParam.swift */ = {isa = PBXFileReference; fileEncoding = 4; lastKnownFileType = sourcecode.swift; path = INeutralParam.swift; sourceTree = "<group>"; };
		00CEEFE1233B23F0006EE8CD /* FileInfo.swift */ = {isa = PBXFileReference; fileEncoding = 4; lastKnownFileType = sourcecode.swift; path = FileInfo.swift; sourceTree = "<group>"; };
		00CEEFE2233B23F0006EE8CD /* SelectImgCameraCollectionViewCell.swift */ = {isa = PBXFileReference; fileEncoding = 4; lastKnownFileType = sourcecode.swift; path = SelectImgCameraCollectionViewCell.swift; sourceTree = "<group>"; };
/* End PBXFileReference section */

/* Begin PBXFrameworksBuildPhase section */
		00B43C3D233B6766004A1069 /* Frameworks */ = {
			isa = PBXFrameworksBuildPhase;
			buildActionMask = 2147483647;
			files = (
				00B43C6F233B90C6004A1069 /* NeoniOSDemo.framework in Frameworks */,
			);
			runOnlyForDeploymentPostprocessing = 0;
		};
/* End PBXFrameworksBuildPhase section */

/* Begin PBXGroup section */
		00B43C36233B6766004A1069 = {
			isa = PBXGroup;
			children = (
				0016594B23340FCF00A83EF0 /* Resources */,
				0016591623340FCF00A83EF0 /* Views */,
				0016590B23340F2D00A83EF0 /* NeoniOSDemo */,
				0016590A23340F2D00A83EF0 /* Products */,
			);
			sourceTree = "<group>";
		};
		00B43C41233B6766004A1069 /* Products */ = {
			isa = PBXGroup;
			children = (
				00B43C40233B6766004A1069 /* NeoniosDemo.framework */,
			);
			name = Products;
			sourceTree = "<group>";
		};
		00B43C42233B6766004A1069 /* NeoniosDemo */ = {
			isa = PBXGroup;
			children = (
				00CEEFA5233B23EC006EE8CD /* Bundle+Helper.swift */,
				00CEEFA3233B23EC006EE8CD /* CameraFacing.swift */,
				00CEEFA8233B23EC006EE8CD /* CameraModel.swift */,
				00CEEFD6233B23EF006EE8CD /* CameraOnlyViewController.swift */,
				00CEEFD3233B23EF006EE8CD /* CameraOrientation.swift */,
				00CEEFBB233B23ED006EE8CD /* CameraType.swift */,
				00CEEFCD233B23EE006EE8CD /* CameraViewController.swift */,
				00CEEFC8233B23EE006EE8CD /* Configure.swift */,
				00CEEFDF233B23F0006EE8CD /* CropViewController.h */,
				00CEEFD1233B23EF006EE8CD /* CropViewController.swift */,
				00CEEFAE233B23EC006EE8CD /* CustomParameters.swift */,
				00CEEFE1233B23F0006EE8CD /* FileInfo.swift */,
				00CEEFCC233B23EE006EE8CD /* FileInfoCollection.swift */,
				00CEEFBE233B23ED006EE8CD /* FlashMode.swift */,
				00CEEFD0233B23EF006EE8CD /* GalleryModel.swift */,
				00CEEFD7233B23EF006EE8CD /* GalleryType.swift */,
				00CEEFBC233B23ED006EE8CD /* GetLocation.swift */,
				00CEEFAA233B23EC006EE8CD /* ICameraParam.swift */,
				00CEEFCB233B23EE006EE8CD /* IGalleryParam.swift */,
				00CEEFA9233B23EC006EE8CD /* ImagePickerCollectionViewCell.swift */,
				00CEEFD8233B23EF006EE8CD /* ImageTagModel.swift */,
				00CEEFAB233B23EC006EE8CD /* imgCollectionViewCell.swift */,
				00CEEFE0233B23F0006EE8CD /* INeutralParam.swift */,
				00CEEF9E233B23EB006EE8CD /* IParam.swift */,
				00CEEFC6233B23EE006EE8CD /* LibraryMode.swift */,
				00CEEFA7233B23EC006EE8CD /* LivePhotoNextTagListener.swift */,
				00CEEFDE233B23F0006EE8CD /* LivePhotosListener.swift */,
				00CEEFCF233B23EF006EE8CD /* MyImageCell.swift */,
				00CEEFB5233B23ED006EE8CD /* Neon-Ios-Bridging-Header.h */,
				00CEEFB6233B23ED006EE8CD /* NeonImagesHandler.swift */,
				00CEEFB2233B23EC006EE8CD /* NeoniOS.h */,
				00CEEFC1233B23EE006EE8CD /* NeonResponse.swift */,
				00CEEFA6233B23EC006EE8CD /* NeutralModel.swift */,
				00CEEFC3233B23EE006EE8CD /* OnImageCollectionListener.swift */,
				00CEEFD5233B23EF006EE8CD /* OpalImagePickerCollectionViewLayout.swift */,
				00CEEFAC233B23EC006EE8CD /* OpalImagePickerConfiguration.swift */,
				00CEEFDB233B23EF006EE8CD /* OpalImagePickerController.swift */,
				00CEEFAD233B23EC006EE8CD /* OpalImagePickerRootViewController.swift */,
				00CEEFDD233B23F0006EE8CD /* OpenNeutralViewController.swift */,
				00CEEFBF233B23ED006EE8CD /* PhotosModel.swift */,
				00CEEFDC233B23EF006EE8CD /* ResponseCode.swift */,
				00CEEFD2233B23EF006EE8CD /* SaveImageInGallery.swift */,
				00CEEFC0233B23ED006EE8CD /* SelectImageTagController.swift */,
				00CEEFE2233B23F0006EE8CD /* SelectImgCameraCollectionViewCell.swift */,
				00CEEFB9233B23ED006EE8CD /* Serializable.swift */,
				00CEEFCA233B23EE006EE8CD /* ShowImageViewController.swift */,
				00CEEFA0233B23EC006EE8CD /* TimeInterval+String.swift */,
				00CEEFB8233B23ED006EE8CD /* TOActivityCroppedImageProvider.h */,
				00CEEFA2233B23EC006EE8CD /* TOActivityCroppedImageProvider.m */,
				00CEEFA4233B23EC006EE8CD /* TOCropOverlayView.h */,
				00CEEFCE233B23EE006EE8CD /* TOCropOverlayView.m */,
				00CEEFB3233B23ED006EE8CD /* TOCroppedImageAttributes.h */,
				00CEEFC4233B23EE006EE8CD /* TOCroppedImageAttributes.m */,
				00CEEFD9233B23EF006EE8CD /* TOCropScrollView.h */,
				00CEEFAF233B23EC006EE8CD /* TOCropScrollView.m */,
				00CEEFB4233B23ED006EE8CD /* TOCropToolbar.h */,
				00CEEFB0233B23EC006EE8CD /* TOCropToolbar.m */,
				00CEEFB1233B23EC006EE8CD /* TOCropView.h */,
				00CEEFC2233B23EE006EE8CD /* TOCropView.m */,
				00CEEFD4233B23EF006EE8CD /* TOCropViewConstants.h */,
				00CEEFC9233B23EE006EE8CD /* TOCropViewController.h */,
				00CEEFA1233B23EC006EE8CD /* TOCropViewController.m */,
				00CEEFBA233B23ED006EE8CD /* TOCropViewControllerTransitioning.h */,
				00CEEFB7233B23ED006EE8CD /* TOCropViewControllerTransitioning.m */,
				00CEEFDA233B23EF006EE8CD /* UIImage+CropRotate.h */,
				00CEEFC7233B23EE006EE8CD /* UIImage+CropRotate.m */,
				00CEEF9F233B23EB006EE8CD /* UIView+Helper.swift */,
				00CEEFBD233B23ED006EE8CD /* UIViewController+OpalImagePicker.swift */,
				00CEEFC5233B23EE006EE8CD /* ViewController.swift */,
				0016590D23340F2D00A83EF0 /* Info.plist */,
			);
			path = NeoniosDemo;
			sourceTree = "<group>";
		};
		00B43C4D233B754E004A1069 /* Resources */ = {
			isa = PBXGroup;
			children = (
				00B43C58233B754E004A1069 /* Assets.xcassets */,
				00B43C60233B754E004A1069 /* drop-down-arrow.png */,
			);
			path = Resources;
			sourceTree = "<group>";
		};
/* End PBXGroup section */

/* Begin PBXHeadersBuildPhase section */
		00B43C3B233B6766004A1069 /* Headers */ = {
			isa = PBXHeadersBuildPhase;
			buildActionMask = 2147483647;
			files = (
				00CEEFFF233B23F0006EE8CD /* TOCropViewControllerTransitioning.h in Headers */,
				00CEEFF6233B23F0006EE8CD /* TOCropView.h in Headers */,
				00CEEFFA233B23F0006EE8CD /* Neon-Ios-Bridging-Header.h in Headers */,
				00CEEFFD233B23F0006EE8CD /* TOActivityCroppedImageProvider.h in Headers */,
				00CEF00E233B23F0006EE8CD /* TOCropViewController.h in Headers */,
				00CEF01F233B23F0006EE8CD /* UIImage+CropRotate.h in Headers */,
				00CEEFF7233B23F0006EE8CD /* NeoniOS.h in Headers */,
				00CEF019233B23F0006EE8CD /* TOCropViewConstants.h in Headers */,
				00CEEFF8233B23F0006EE8CD /* TOCroppedImageAttributes.h in Headers */,
				00CEEFE9233B23F0006EE8CD /* TOCropOverlayView.h in Headers */,
				00CEF01E233B23F0006EE8CD /* TOCropScrollView.h in Headers */,
				00CEEFF9233B23F0006EE8CD /* TOCropToolbar.h in Headers */,
				00CEF024233B23F0006EE8CD /* CropViewController.h in Headers */,
			);
			runOnlyForDeploymentPostprocessing = 0;
		};
/* End PBXHeadersBuildPhase section */

/* Begin PBXNativeTarget section */
		00B43C3F233B6766004A1069 /* NeoniosDemo */ = {
			isa = PBXNativeTarget;
			buildConfigurationList = 00B43C48233B6766004A1069 /* Build configuration list for PBXNativeTarget "NeoniosDemo" */;
			buildPhases = (
				00B43C3B233B6766004A1069 /* Headers */,
				00B43C3C233B6766004A1069 /* Sources */,
				00B43C3D233B6766004A1069 /* Frameworks */,
				00B43C3E233B6766004A1069 /* Resources */,
			);
			buildRules = (
			);
			dependencies = (
			);
			name = NeoniosDemo;
			productName = NeoniosDemo;
			productReference = 00B43C40233B6766004A1069 /* NeoniosDemo.framework */;
			productType = "com.apple.product-type.framework";
		};
/* End PBXNativeTarget section */

/* Begin PBXProject section */
		00B43C37233B6766004A1069 /* Project object */ = {
			isa = PBXProject;
			attributes = {
				LastUpgradeCheck = 1020;
				ORGANIZATIONNAME = GirnarSoft;
				TargetAttributes = {
					00B43C3F233B6766004A1069 = {
						CreatedOnToolsVersion = 10.2.1;
						LastSwiftMigration = 1020;
					};
				};
			};
			buildConfigurationList = 00B43C3A233B6766004A1069 /* Build configuration list for PBXProject "NeoniosDemo" */;
			compatibilityVersion = "Xcode 9.3";
			developmentRegion = en;
			hasScannedForEncodings = 0;
			knownRegions = (
				en,
				de,
				ar,
				"zh-Hans",
				ja,
				fa,
				es,
				it,
				ms,
				ko,
				Base,
				"zh-Hant",
				"fa-IR",
				hu,
				"da-DK",
				tr,
				pl,
				vi,
				ru,
				fr,
				fi,
				id,
				nl,
				pt,
				ro,
			);
			mainGroup = 00B43C36233B6766004A1069;
			productRefGroup = 00B43C41233B6766004A1069 /* Products */;
			projectDirPath = "";
			projectRoot = "";
			targets = (
				00B43C3F233B6766004A1069 /* NeoniosDemo */,
			);
		};
/* End PBXProject section */

/* Begin PBXResourcesBuildPhase section */
		00B43C3E233B6766004A1069 /* Resources */ = {
			isa = PBXResourcesBuildPhase;
			buildActionMask = 2147483647;
			files = (
				00B43C6C233B754E004A1069 /* Assets.xcassets in Resources */,
				00B43C6E233B754E004A1069 /* drop-down-arrow.png in Resources */,
			);
			runOnlyForDeploymentPostprocessing = 0;
		};
/* End PBXResourcesBuildPhase section */

/* Begin PBXSourcesBuildPhase section */
		00B43C3C233B6766004A1069 /* Sources */ = {
			isa = PBXSourcesBuildPhase;
			buildActionMask = 2147483647;
			files = (
				00CEEFFE233B23F0006EE8CD /* Serializable.swift in Sources */,
				00CEF00B233B23F0006EE8CD /* LibraryMode.swift in Sources */,
				00CEEFF4233B23F0006EE8CD /* TOCropScrollView.m in Sources */,
				00CEF011233B23F0006EE8CD /* FileInfoCollection.swift in Sources */,
				00CEF01B233B23F0006EE8CD /* CameraOnlyViewController.swift in Sources */,
				00CEEFF3233B23F0006EE8CD /* CustomParameters.swift in Sources */,
				00CEF018233B23F0006EE8CD /* CameraOrientation.swift in Sources */,
				00CEEFF5233B23F0006EE8CD /* TOCropToolbar.m in Sources */,
				00CEEFFB233B23F0006EE8CD /* NeonImagesHandler.swift in Sources */,
				00CEEFE5233B23F0006EE8CD /* TimeInterval+String.swift in Sources */,
				00CEF002233B23F0006EE8CD /* UIViewController+OpalImagePicker.swift in Sources */,
				00CEF025233B23F0006EE8CD /* INeutralParam.swift in Sources */,
				00CEF001233B23F0006EE8CD /* GetLocation.swift in Sources */,
				00CEF015233B23F0006EE8CD /* GalleryModel.swift in Sources */,
				00CEF026233B23F0006EE8CD /* FileInfo.swift in Sources */,
				00CEF00D233B23F0006EE8CD /* Configure.swift in Sources */,
				00CEF022233B23F0006EE8CD /* OpenNeutralViewController.swift in Sources */,
				00CEF017233B23F0006EE8CD /* SaveImageInGallery.swift in Sources */,
				00CEF004233B23F0006EE8CD /* PhotosModel.swift in Sources */,
				00CEF01D233B23F0006EE8CD /* ImageTagModel.swift in Sources */,
				00CEEFEB233B23F0006EE8CD /* NeutralModel.swift in Sources */,
				00CEF01A233B23F0006EE8CD /* OpalImagePickerCollectionViewLayout.swift in Sources */,
				00CEEFED233B23F0006EE8CD /* CameraModel.swift in Sources */,
				00CEEFEC233B23F0006EE8CD /* LivePhotoNextTagListener.swift in Sources */,
				00CEF003233B23F0006EE8CD /* FlashMode.swift in Sources */,
				00CEEFEF233B23F0006EE8CD /* ICameraParam.swift in Sources */,
				00CEF012233B23F0006EE8CD /* CameraViewController.swift in Sources */,
				00CEF013233B23F0006EE8CD /* TOCropOverlayView.m in Sources */,
				00CEF00A233B23F0006EE8CD /* ViewController.swift in Sources */,
				00CEF00C233B23F0006EE8CD /* UIImage+CropRotate.m in Sources */,
				00CEF020233B23F0006EE8CD /* OpalImagePickerController.swift in Sources */,
				00CEF008233B23F0006EE8CD /* OnImageCollectionListener.swift in Sources */,
				00CEF016233B23F0006EE8CD /* CropViewController.swift in Sources */,
				00CEEFE4233B23F0006EE8CD /* UIView+Helper.swift in Sources */,
				00CEEFE3233B23F0006EE8CD /* IParam.swift in Sources */,
				00CEEFF0233B23F0006EE8CD /* imgCollectionViewCell.swift in Sources */,
				00CEEFF1233B23F0006EE8CD /* OpalImagePickerConfiguration.swift in Sources */,
				00CEF000233B23F0006EE8CD /* CameraType.swift in Sources */,
				00CEEFFC233B23F0006EE8CD /* TOCropViewControllerTransitioning.m in Sources */,
				00CEF009233B23F0006EE8CD /* TOCroppedImageAttributes.m in Sources */,
				00CEF010233B23F0006EE8CD /* IGalleryParam.swift in Sources */,
				00CEF021233B23F0006EE8CD /* ResponseCode.swift in Sources */,
				00CEF014233B23F0006EE8CD /* MyImageCell.swift in Sources */,
				00CEEFE6233B23F0006EE8CD /* TOCropViewController.m in Sources */,
				00CEEFE8233B23F0006EE8CD /* CameraFacing.swift in Sources */,
				00CEEFEA233B23F0006EE8CD /* Bundle+Helper.swift in Sources */,
				00CEEFE7233B23F0006EE8CD /* TOActivityCroppedImageProvider.m in Sources */,
				00CEF007233B23F0006EE8CD /* TOCropView.m in Sources */,
				00CEF00F233B23F0006EE8CD /* ShowImageViewController.swift in Sources */,
				00CEF006233B23F0006EE8CD /* NeonResponse.swift in Sources */,
				00CEEFEE233B23F0006EE8CD /* ImagePickerCollectionViewCell.swift in Sources */,
				00CEF005233B23F0006EE8CD /* SelectImageTagController.swift in Sources */,
				00CEF01C233B23F0006EE8CD /* GalleryType.swift in Sources */,
				00CEF023233B23F0006EE8CD /* LivePhotosListener.swift in Sources */,
				00CEEFF2233B23F0006EE8CD /* OpalImagePickerRootViewController.swift in Sources */,
				00CEF027233B23F0006EE8CD /* SelectImgCameraCollectionViewCell.swift in Sources */,
			);
			runOnlyForDeploymentPostprocessing = 0;
		};
/* End PBXSourcesBuildPhase section */

/* Begin XCBuildConfiguration section */
		00B43C46233B6766004A1069 /* Debug */ = {
			isa = XCBuildConfiguration;
			buildSettings = {
				ALWAYS_SEARCH_USER_PATHS = NO;
				CLANG_ANALYZER_NONNULL = YES;
				CLANG_ANALYZER_NUMBER_OBJECT_CONVERSION = YES_AGGRESSIVE;
				CLANG_CXX_LANGUAGE_STANDARD = "gnu++14";
				CLANG_CXX_LIBRARY = "libc++";
				CLANG_ENABLE_MODULES = YES;
				CLANG_ENABLE_OBJC_ARC = YES;
				CLANG_ENABLE_OBJC_WEAK = YES;
				CLANG_WARN_BLOCK_CAPTURE_AUTORELEASING = YES;
				CLANG_WARN_BOOL_CONVERSION = YES;
				CLANG_WARN_COMMA = YES;
				CLANG_WARN_CONSTANT_CONVERSION = YES;
				CLANG_WARN_DEPRECATED_OBJC_IMPLEMENTATIONS = YES;
				CLANG_WARN_DIRECT_OBJC_ISA_USAGE = YES_ERROR;
				CLANG_WARN_DOCUMENTATION_COMMENTS = YES;
				CLANG_WARN_EMPTY_BODY = YES;
				CLANG_WARN_ENUM_CONVERSION = YES;
				CLANG_WARN_INFINITE_RECURSION = YES;
				CLANG_WARN_INT_CONVERSION = YES;
				CLANG_WARN_NON_LITERAL_NULL_CONVERSION = YES;
				CLANG_WARN_OBJC_IMPLICIT_RETAIN_SELF = YES;
				CLANG_WARN_OBJC_LITERAL_CONVERSION = YES;
				CLANG_WARN_OBJC_ROOT_CLASS = YES_ERROR;
				CLANG_WARN_RANGE_LOOP_ANALYSIS = YES;
				CLANG_WARN_STRICT_PROTOTYPES = YES;
				CLANG_WARN_SUSPICIOUS_MOVE = YES;
				CLANG_WARN_UNGUARDED_AVAILABILITY = YES_AGGRESSIVE;
				CLANG_WARN_UNREACHABLE_CODE = YES;
				CLANG_WARN__DUPLICATE_METHOD_MATCH = YES;
				CODE_SIGN_IDENTITY = "iPhone Developer";
				COPY_PHASE_STRIP = NO;
				CURRENT_PROJECT_VERSION = 1;
				DEBUG_INFORMATION_FORMAT = dwarf;
				ENABLE_STRICT_OBJC_MSGSEND = YES;
				ENABLE_TESTABILITY = YES;
				GCC_C_LANGUAGE_STANDARD = gnu11;
				GCC_DYNAMIC_NO_PIC = NO;
				GCC_NO_COMMON_BLOCKS = YES;
				GCC_OPTIMIZATION_LEVEL = 0;
				GCC_PREPROCESSOR_DEFINITIONS = (
					"DEBUG=1",
					"$(inherited)",
				);
				GCC_WARN_64_TO_32_BIT_CONVERSION = YES;
				GCC_WARN_ABOUT_RETURN_TYPE = YES_ERROR;
				GCC_WARN_UNDECLARED_SELECTOR = YES;
				GCC_WARN_UNINITIALIZED_AUTOS = YES_AGGRESSIVE;
				GCC_WARN_UNUSED_FUNCTION = YES;
				GCC_WARN_UNUSED_VARIABLE = YES;
				IPHONEOS_DEPLOYMENT_TARGET = 12.2;
				MTL_ENABLE_DEBUG_INFO = INCLUDE_SOURCE;
				MTL_FAST_MATH = YES;
				ONLY_ACTIVE_ARCH = YES;
				SDKROOT = iphoneos;
				SWIFT_ACTIVE_COMPILATION_CONDITIONS = DEBUG;
				SWIFT_OPTIMIZATION_LEVEL = "-Onone";
				VERSIONING_SYSTEM = "apple-generic";
				VERSION_INFO_PREFIX = "";
			};
			name = Debug;
		};
		00B43C47233B6766004A1069 /* Release */ = {
			isa = XCBuildConfiguration;
			buildSettings = {
				ALWAYS_SEARCH_USER_PATHS = NO;
				CLANG_ANALYZER_NONNULL = YES;
				CLANG_ANALYZER_NUMBER_OBJECT_CONVERSION = YES_AGGRESSIVE;
				CLANG_CXX_LANGUAGE_STANDARD = "gnu++14";
				CLANG_CXX_LIBRARY = "libc++";
				CLANG_ENABLE_MODULES = YES;
				CLANG_ENABLE_OBJC_ARC = YES;
				CLANG_ENABLE_OBJC_WEAK = YES;
				CLANG_WARN_BLOCK_CAPTURE_AUTORELEASING = YES;
				CLANG_WARN_BOOL_CONVERSION = YES;
				CLANG_WARN_COMMA = YES;
				CLANG_WARN_CONSTANT_CONVERSION = YES;
				CLANG_WARN_DEPRECATED_OBJC_IMPLEMENTATIONS = YES;
				CLANG_WARN_DIRECT_OBJC_ISA_USAGE = YES_ERROR;
				CLANG_WARN_DOCUMENTATION_COMMENTS = YES;
				CLANG_WARN_EMPTY_BODY = YES;
				CLANG_WARN_ENUM_CONVERSION = YES;
				CLANG_WARN_INFINITE_RECURSION = YES;
				CLANG_WARN_INT_CONVERSION = YES;
				CLANG_WARN_NON_LITERAL_NULL_CONVERSION = YES;
				CLANG_WARN_OBJC_IMPLICIT_RETAIN_SELF = YES;
				CLANG_WARN_OBJC_LITERAL_CONVERSION = YES;
				CLANG_WARN_OBJC_ROOT_CLASS = YES_ERROR;
				CLANG_WARN_RANGE_LOOP_ANALYSIS = YES;
				CLANG_WARN_STRICT_PROTOTYPES = YES;
				CLANG_WARN_SUSPICIOUS_MOVE = YES;
				CLANG_WARN_UNGUARDED_AVAILABILITY = YES_AGGRESSIVE;
				CLANG_WARN_UNREACHABLE_CODE = YES;
				CLANG_WARN__DUPLICATE_METHOD_MATCH = YES;
				CODE_SIGN_IDENTITY = "iPhone Developer";
				COPY_PHASE_STRIP = NO;
				CURRENT_PROJECT_VERSION = 1;
				DEBUG_INFORMATION_FORMAT = "dwarf-with-dsym";
				ENABLE_NS_ASSERTIONS = NO;
				ENABLE_STRICT_OBJC_MSGSEND = YES;
				GCC_C_LANGUAGE_STANDARD = gnu11;
				GCC_NO_COMMON_BLOCKS = YES;
				GCC_WARN_64_TO_32_BIT_CONVERSION = YES;
				GCC_WARN_ABOUT_RETURN_TYPE = YES_ERROR;
				GCC_WARN_UNDECLARED_SELECTOR = YES;
				GCC_WARN_UNINITIALIZED_AUTOS = YES_AGGRESSIVE;
				GCC_WARN_UNUSED_FUNCTION = YES;
				GCC_WARN_UNUSED_VARIABLE = YES;
				IPHONEOS_DEPLOYMENT_TARGET = 12.2;
				MTL_ENABLE_DEBUG_INFO = NO;
				MTL_FAST_MATH = YES;
				SDKROOT = iphoneos;
				SWIFT_COMPILATION_MODE = wholemodule;
				SWIFT_OPTIMIZATION_LEVEL = "-O";
				VALIDATE_PRODUCT = YES;
				VERSIONING_SYSTEM = "apple-generic";
				VERSION_INFO_PREFIX = "";
			};
			name = Release;
		};
		00B43C49233B6766004A1069 /* Debug */ = {
			isa = XCBuildConfiguration;
			buildSettings = {
				CLANG_ENABLE_MODULES = YES;
				CODE_SIGN_IDENTITY = "";
				CODE_SIGN_STYLE = Automatic;
				DEFINES_MODULE = YES;
				DYLIB_COMPATIBILITY_VERSION = 1;
				DYLIB_CURRENT_VERSION = 1;
				DYLIB_INSTALL_NAME_BASE = "@rpath";
				INFOPLIST_FILE = NeoniosDemo/Info.plist;
				INSTALL_PATH = "$(LOCAL_LIBRARY_DIR)/Frameworks";
				LD_RUNPATH_SEARCH_PATHS = (
					"$(inherited)",
					"@executable_path/Frameworks",
					"@loader_path/Frameworks",
				);
				PRODUCT_BUNDLE_IDENTIFIER = Girnar.NeoniosDemo;
				PRODUCT_NAME = "$(TARGET_NAME:c99extidentifier)";
				SKIP_INSTALL = YES;
				SWIFT_OPTIMIZATION_LEVEL = "-Onone";
				SWIFT_VERSION = 5.0;
				TARGETED_DEVICE_FAMILY = "1,2";
			};
			name = Debug;
		};
		00B43C4A233B6766004A1069 /* Release */ = {
			isa = XCBuildConfiguration;
			buildSettings = {
				CLANG_ENABLE_MODULES = YES;
				CODE_SIGN_IDENTITY = "";
				CODE_SIGN_STYLE = Automatic;
				DEFINES_MODULE = YES;
				DYLIB_COMPATIBILITY_VERSION = 1;
				DYLIB_CURRENT_VERSION = 1;
				DYLIB_INSTALL_NAME_BASE = "@rpath";
				INFOPLIST_FILE = NeoniosDemo/Info.plist;
				INSTALL_PATH = "$(LOCAL_LIBRARY_DIR)/Frameworks";
				LD_RUNPATH_SEARCH_PATHS = (
					"$(inherited)",
					"@executable_path/Frameworks",
					"@loader_path/Frameworks",
				);
				PRODUCT_BUNDLE_IDENTIFIER = Girnar.NeoniosDemo;
				PRODUCT_NAME = "$(TARGET_NAME:c99extidentifier)";
				SKIP_INSTALL = YES;
				SWIFT_VERSION = 5.0;
				TARGETED_DEVICE_FAMILY = "1,2";
			};
			name = Release;
		};
/* End XCBuildConfiguration section */

/* Begin XCConfigurationList section */
		00B43C3A233B6766004A1069 /* Build configuration list for PBXProject "NeoniosDemo" */ = {
			isa = XCConfigurationList;
			buildConfigurations = (
				00B43C46233B6766004A1069 /* Debug */,
				00B43C47233B6766004A1069 /* Release */,
			);
			defaultConfigurationIsVisible = 0;
			defaultConfigurationName = Release;
		};
		00B43C48233B6766004A1069 /* Build configuration list for PBXNativeTarget "NeoniosDemo" */ = {
			isa = XCConfigurationList;
			buildConfigurations = (
				00B43C49233B6766004A1069 /* Debug */,
				00B43C4A233B6766004A1069 /* Release */,
			);
			defaultConfigurationIsVisible = 0;
			defaultConfigurationName = Release;
		};
/* End XCConfigurationList section */
	};
	rootObject = 00B43C37233B6766004A1069 /* Project object */;
}
